
Microsoft Visual Studio Solution File, Format Version 11.00
# Visual Studio 2010
Project("{FAE04EC0-301F-11D3-BF4B-00C04F79EFBC}") = "UnityGameFramework.Runtime", "UnityGameFramework.Runtime.csproj", "{eb9a0534-6b12-8d35-3d4d-910e898b5045}"
EndProject
Project("{FAE04EC0-301F-11D3-BF4B-00C04F79EFBC}") = "Assembly-CSharp", "Assembly-CSharp.csproj", "{b700eae0-b2e4-783c-ccb3-427c2780bf29}"
EndProject
Project("{FAE04EC0-301F-11D3-BF4B-00C04F79EFBC}") = "UnityGameFramework.Editor", "UnityGameFramework.Editor.csproj", "{e5e81d89-37ff-971a-82a4-eb8e827a1aa1}"
EndProject
Project("{FAE04EC0-301F-11D3-BF4B-00C04F79EFBC}") = "Assembly-CSharp-Editor", "Assembly-CSharp-Editor.csproj", "{d03334fe-998e-416d-2757-18823de69183}"
EndProject
Global
	GlobalSection(SolutionConfigurationPlatforms) = preSolution
		Debug|Any CPU = Debug|Any CPU
		Release|Any CPU = Release|Any CPU
	EndGlobalSection
	GlobalSection(ProjectConfigurationPlatforms) = postSolution
		{eb9a0534-6b12-8d35-3d4d-910e898b5045}.Debug|Any CPU.ActiveCfg = Debug|Any CPU
		{eb9a0534-6b12-8d35-3d4d-910e898b5045}.Debug|Any CPU.Build.0 = Debug|Any CPU
		{eb9a0534-6b12-8d35-3d4d-910e898b5045}.Release|Any CPU.ActiveCfg = Release|Any CPU
		{eb9a0534-6b12-8d35-3d4d-910e898b5045}.Release|Any CPU.Build.0 = Release|Any CPU
		{b700eae0-b2e4-783c-ccb3-427c2780bf29}.Debug|Any CPU.ActiveCfg = Debug|Any CPU
		{b700eae0-b2e4-783c-ccb3-427c2780bf29}.Debug|Any CPU.Build.0 = Debug|Any CPU
		{b700eae0-b2e4-783c-ccb3-427c2780bf29}.Release|Any CPU.ActiveCfg = Release|Any CPU
		{b700eae0-b2e4-783c-ccb3-427c2780bf29}.Release|Any CPU.Build.0 = Release|Any CPU
		{e5e81d89-37ff-971a-82a4-eb8e827a1aa1}.Debug|Any CPU.ActiveCfg = Debug|Any CPU
		{e5e81d89-37ff-971a-82a4-eb8e827a1aa1}.Debug|Any CPU.Build.0 = Debug|Any CPU
		{e5e81d89-37ff-971a-82a4-eb8e827a1aa1}.Release|Any CPU.ActiveCfg = Release|Any CPU
		{e5e81d89-37ff-971a-82a4-eb8e827a1aa1}.Release|Any CPU.Build.0 = Release|Any CPU
		{d03334fe-998e-416d-2757-18823de69183}.Debug|Any CPU.ActiveCfg = Debug|Any CPU
		{d03334fe-998e-416d-2757-18823de69183}.Debug|Any CPU.Build.0 = Debug|Any CPU
		{d03334fe-998e-416d-2757-18823de69183}.Release|Any CPU.ActiveCfg = Release|Any CPU
		{d03334fe-998e-416d-2757-18823de69183}.Release|Any CPU.Build.0 = Release|Any CPU
	EndGlobalSection
	GlobalSection(SolutionProperties) = preSolution
		HideSolutionNode = FALSE
	EndGlobalSection
EndGlobal
